
Microsoft Visual Studio Solution File, Format Version 12.00
# Visual Studio 15
VisualStudioVersion = 15.0.28307.779
MinimumVisualStudioVersion = 10.0.40219.1
Project("{9A19103F-16F7-4668-BE54-9A1E7A4F7556}") = "ProjectName.Web", "ProjectName.Web\ProjectName.Web.csproj", "{383E1AC9-08C1-4E47-A9BF-1B664F8E3247}"
EndProject
Project("{9A19103F-16F7-4668-BE54-9A1E7A4F7556}") = "ProjectName.Core", "ProjectName.Core\ProjectName.Core.csproj", "{6E407A40-0337-44DC-9A07-DA5545DD3F77}"
EndProject
Project("{9A19103F-16F7-4668-BE54-9A1E7A4F7556}") = "ProjectName.Validator", "ProjectName.Validator\ProjectName.Validator.csproj", "{2ABEAF8A-0187-4206-9B2E-25E084CD89DA}"
EndProject
Project("{9A19103F-16F7-4668-BE54-9A1E7A4F7556}") = "ProjectName.DAL", "ProjectName.DAL\ProjectName.DAL.csproj", "{D9F28FA1-03C2-4ABE-85A2-DB7B4F360608}"
EndProject
Project("{2150E333-8FDC-42A3-9474-1A3956D46DE8}") = "1. Core", "1. Core", "{78131B7C-050D-4187-BBF0-536E32D31B5B}"
EndProject
Project("{2150E333-8FDC-42A3-9474-1A3956D46DE8}") = "2. Infrastructure", "2. Infrastructure", "{6753E4DE-B8BF-4576-BA69-CDEBED9D514E}"
EndProject
Project("{2150E333-8FDC-42A3-9474-1A3956D46DE8}") = "3. Presentation", "3. Presentation", "{3D79E353-25A6-4A82-A51C-B4BEB6850A5D}"
EndProject
Project("{9A19103F-16F7-4668-BE54-9A1E7A4F7556}") = "ProjectName.Core.UnitTests", "ProjectName.Core.UnitTests\ProjectName.Core.UnitTests.csproj", "{4A452383-C739-4CB0-BFB8-F8A358F4019B}"
EndProject
Project("{9A19103F-16F7-4668-BE54-9A1E7A4F7556}") = "ProjectName.Web.E2ETests", "ProjectName.Web.E2ETests\ProjectName.Web.E2ETests.csproj", "{310F95EE-7A58-4606-956C-206EDB825A5D}"
EndProject
Project("{FAE04EC0-301F-11D3-BF4B-00C04F79EFBC}") = "ProjectName.Validator.UnitTests", "ProjectName.Validator.UnitTests\ProjectName.Validator.UnitTests.csproj", "{3F132634-D74D-4625-865A-30FF1DEA56AF}"
EndProject
Global
	GlobalSection(SolutionConfigurationPlatforms) = preSolution
		Debug|Any CPU = Debug|Any CPU
		Release|Any CPU = Release|Any CPU
	EndGlobalSection
	GlobalSection(ProjectConfigurationPlatforms) = postSolution
		{383E1AC9-08C1-4E47-A9BF-1B664F8E3247}.Debug|Any CPU.ActiveCfg = Debug|Any CPU
		{383E1AC9-08C1-4E47-A9BF-1B664F8E3247}.Debug|Any CPU.Build.0 = Debug|Any CPU
		{383E1AC9-08C1-4E47-A9BF-1B664F8E3247}.Release|Any CPU.ActiveCfg = Release|Any CPU
		{383E1AC9-08C1-4E47-A9BF-1B664F8E3247}.Release|Any CPU.Build.0 = Release|Any CPU
		{6E407A40-0337-44DC-9A07-DA5545DD3F77}.Debug|Any CPU.ActiveCfg = Debug|Any CPU
		{6E407A40-0337-44DC-9A07-DA5545DD3F77}.Debug|Any CPU.Build.0 = Debug|Any CPU
		{6E407A40-0337-44DC-9A07-DA5545DD3F77}.Release|Any CPU.ActiveCfg = Release|Any CPU
		{6E407A40-0337-44DC-9A07-DA5545DD3F77}.Release|Any CPU.Build.0 = Release|Any CPU
		{2ABEAF8A-0187-4206-9B2E-25E084CD89DA}.Debug|Any CPU.ActiveCfg = Debug|Any CPU
		{2ABEAF8A-0187-4206-9B2E-25E084CD89DA}.Debug|Any CPU.Build.0 = Debug|Any CPU
		{2ABEAF8A-0187-4206-9B2E-25E084CD89DA}.Release|Any CPU.ActiveCfg = Release|Any CPU
		{2ABEAF8A-0187-4206-9B2E-25E084CD89DA}.Release|Any CPU.Build.0 = Release|Any CPU
		{D9F28FA1-03C2-4ABE-85A2-DB7B4F360608}.Debug|Any CPU.ActiveCfg = Debug|Any CPU
		{D9F28FA1-03C2-4ABE-85A2-DB7B4F360608}.Debug|Any CPU.Build.0 = Debug|Any CPU
		{D9F28FA1-03C2-4ABE-85A2-DB7B4F360608}.Release|Any CPU.ActiveCfg = Release|Any CPU
		{D9F28FA1-03C2-4ABE-85A2-DB7B4F360608}.Release|Any CPU.Build.0 = Release|Any CPU
		{4A452383-C739-4CB0-BFB8-F8A358F4019B}.Debug|Any CPU.ActiveCfg = Debug|Any CPU
		{4A452383-C739-4CB0-BFB8-F8A358F4019B}.Debug|Any CPU.Build.0 = Debug|Any CPU
		{4A452383-C739-4CB0-BFB8-F8A358F4019B}.Release|Any CPU.ActiveCfg = Release|Any CPU
		{4A452383-C739-4CB0-BFB8-F8A358F4019B}.Release|Any CPU.Build.0 = Release|Any CPU
		{310F95EE-7A58-4606-956C-206EDB825A5D}.Debug|Any CPU.ActiveCfg = Debug|Any CPU
		{310F95EE-7A58-4606-956C-206EDB825A5D}.Debug|Any CPU.Build.0 = Debug|Any CPU
		{310F95EE-7A58-4606-956C-206EDB825A5D}.Release|Any CPU.ActiveCfg = Release|Any CPU
		{310F95EE-7A58-4606-956C-206EDB825A5D}.Release|Any CPU.Build.0 = Release|Any CPU
		{3F132634-D74D-4625-865A-30FF1DEA56AF}.Debug|Any CPU.ActiveCfg = Debug|Any CPU
		{3F132634-D74D-4625-865A-30FF1DEA56AF}.Debug|Any CPU.Build.0 = Debug|Any CPU
		{3F132634-D74D-4625-865A-30FF1DEA56AF}.Release|Any CPU.ActiveCfg = Release|Any CPU
		{3F132634-D74D-4625-865A-30FF1DEA56AF}.Release|Any CPU.Build.0 = Release|Any CPU
	EndGlobalSection
	GlobalSection(SolutionProperties) = preSolution
		HideSolutionNode = FALSE
	EndGlobalSection
	GlobalSection(NestedProjects) = preSolution
		{383E1AC9-08C1-4E47-A9BF-1B664F8E3247} = {3D79E353-25A6-4A82-A51C-B4BEB6850A5D}
		{6E407A40-0337-44DC-9A07-DA5545DD3F77} = {78131B7C-050D-4187-BBF0-536E32D31B5B}
		{2ABEAF8A-0187-4206-9B2E-25E084CD89DA} = {6753E4DE-B8BF-4576-BA69-CDEBED9D514E}
		{D9F28FA1-03C2-4ABE-85A2-DB7B4F360608} = {6753E4DE-B8BF-4576-BA69-CDEBED9D514E}
		{4A452383-C739-4CB0-BFB8-F8A358F4019B} = {78131B7C-050D-4187-BBF0-536E32D31B5B}
		{310F95EE-7A58-4606-956C-206EDB825A5D} = {3D79E353-25A6-4A82-A51C-B4BEB6850A5D}
		{3F132634-D74D-4625-865A-30FF1DEA56AF} = {6753E4DE-B8BF-4576-BA69-CDEBED9D514E}
	EndGlobalSection
	GlobalSection(ExtensibilityGlobals) = postSolution
		SolutionGuid = {DF09A67B-BE50-4B00-9600-F764906118BF}
	EndGlobalSection
EndGlobal
